
Microsoft Visual Studio Solution File, Format Version 12.00
# Visual Studio 14
VisualStudioVersion = 14.0.24720.0
MinimumVisualStudioVersion = 10.0.40219.1
Project("{9092AA53-FB77-4645-B42D-1CCCA6BD08BD}") = "Nodejs", "Nodejs\Nodejs.njsproj", "{868F1356-30B4-4F23-B7E2-E24E83928F5B}"
EndProject
Project("{9092AA53-FB77-4645-B42D-1CCCA6BD08BD}") = "4.1", "4.1\4.1.njsproj", "{A4B7C23F-EB3E-4FA1-85BF-8BCA8DE1A632}"
EndProject
Global
	GlobalSection(SolutionConfigurationPlatforms) = preSolution
		Debug|Any CPU = Debug|Any CPU
		Release|Any CPU = Release|Any CPU
	EndGlobalSection
	GlobalSection(ProjectConfigurationPlatforms) = postSolution
		{868F1356-30B4-4F23-B7E2-E24E83928F5B}.Debug|Any CPU.ActiveCfg = Debug|Any CPU
		{868F1356-30B4-4F23-B7E2-E24E83928F5B}.Debug|Any CPU.Build.0 = Debug|Any CPU
		{868F1356-30B4-4F23-B7E2-E24E83928F5B}.Release|Any CPU.ActiveCfg = Release|Any CPU
		{868F1356-30B4-4F23-B7E2-E24E83928F5B}.Release|Any CPU.Build.0 = Release|Any CPU
		{A4B7C23F-EB3E-4FA1-85BF-8BCA8DE1A632}.Debug|Any CPU.ActiveCfg = Debug|Any CPU
		{A4B7C23F-EB3E-4FA1-85BF-8BCA8DE1A632}.Debug|Any CPU.Build.0 = Debug|Any CPU
		{A4B7C23F-EB3E-4FA1-85BF-8BCA8DE1A632}.Release|Any CPU.ActiveCfg = Release|Any CPU
		{A4B7C23F-EB3E-4FA1-85BF-8BCA8DE1A632}.Release|Any CPU.Build.0 = Release|Any CPU
	EndGlobalSection
	GlobalSection(SolutionProperties) = preSolution
		HideSolutionNode = FALSE
	EndGlobalSection
EndGlobal
